
Microsoft Visual Studio Solution File, Format Version 12.00
# Visual Studio Version 17
VisualStudioVersion = 17.6.33723.286
MinimumVisualStudioVersion = 10.0.40219.1
Project("{FAE04EC0-301F-11D3-BF4B-00C04F79EFBC}") = "OSWMontiorService", "OSWMontiorService.csproj", "{50717636-C07F-406C-B432-D5301851466C}"
EndProject
Project("{2150E333-8FDC-42A3-9474-1A3956D46DE8}") = "Solution Items", "Solution Items", "{A500900F-3E81-4581-BE2F-6AC5705F491E}"
	ProjectSection(SolutionItems) = preProject
		.editorconfig = .editorconfig
	EndProjectSection
EndProject
Global
	GlobalSection(SolutionConfigurationPlatforms) = preSolution
		Debug|Any CPU = Debug|Any CPU
		Release|Any CPU = Release|Any CPU
	EndGlobalSection
	GlobalSection(ProjectConfigurationPlatforms) = postSolution
		{50717636-C07F-406C-B432-D5301851466C}.Debug|Any CPU.ActiveCfg = Debug|Any CPU
		{50717636-C07F-406C-B432-D5301851466C}.Debug|Any CPU.Build.0 = Debug|Any CPU
		{50717636-C07F-406C-B432-D5301851466C}.Release|Any CPU.ActiveCfg = Release|Any CPU
		{50717636-C07F-406C-B432-D5301851466C}.Release|Any CPU.Build.0 = Release|Any CPU
	EndGlobalSection
	GlobalSection(SolutionProperties) = preSolution
		HideSolutionNode = FALSE
	EndGlobalSection
	GlobalSection(ExtensibilityGlobals) = postSolution
		SolutionGuid = {91B886EF-5533-4EEC-9D28-E5B93961BD58}
	EndGlobalSection
EndGlobal
